<?xml version="1.0" encoding="utf-8"?>
<Project ToolsVersion="4.0" xmlns="http://schemas.microsoft.com/developer/msbuild/2003">
  <ItemGroup>
    <Filter Include="Geb">
      <UniqueIdentifier>{53EE870B-BFF7-877C-4873-9E7CB47B937C}</UniqueIdentifier>
    </Filter>
    <Filter Include="Geb\Events">
      <UniqueIdentifier>{D7DE5D86-C396-9FD3-2C9E-782F18753AC4}</UniqueIdentifier>
    </Filter>
  </ItemGroup>
  <ItemGroup>
    <ClInclude Include="src\Geb.h" />
    <ClInclude Include="src\Geb\Application.h">
      <Filter>Geb</Filter>
    </ClInclude>
    <ClInclude Include="src\Geb\Core.h">
      <Filter>Geb</Filter>
    </ClInclude>
    <ClInclude Include="src\Geb\EntryPoint.h">
      <Filter>Geb</Filter>
    </ClInclude>
    <ClInclude Include="src\Geb\Events\ApplicationEvent.h">
      <Filter>Geb\Events</Filter>
    </ClInclude>
    <ClInclude Include="src\Geb\Events\Event.h">
      <Filter>Geb\Events</Filter>
    </ClInclude>
    <ClInclude Include="src\Geb\Events\KeyEvent.h">
      <Filter>Geb\Events</Filter>
    </ClInclude>
    <ClInclude Include="src\Geb\Events\MouseEvent.h">
      <Filter>Geb\Events</Filter>
    </ClInclude>
    <ClInclude Include="src\Geb\Log.h">
      <Filter>Geb</Filter>
    </ClInclude>
    <ClInclude Include="src\gbpch.h" />
    <ClInclude Include="src\Geb\Window.h" />
    <ClInclude Include="src\Geb\Platform\WindowsWindow.h" />
  </ItemGroup>
  <ItemGroup>
    <ClCompile Include="src\Geb\Application.cpp">
      <Filter>Geb</Filter>
    </ClCompile>
    <ClCompile Include="src\Geb\Log.cpp">
      <Filter>Geb</Filter>
    </ClCompile>
    <ClCompile Include="src\gbpch.cpp" />
    <ClCompile Include="src\Geb\Platform\WindowsWindow.cpp" />
  </ItemGroup>
</Project>